
Microsoft Visual Studio Solution File, Format Version 12.00
# Visual Studio Version 17
VisualStudioVersion = 17.4.33213.308
MinimumVisualStudioVersion = 10.0.40219.1
Project("{8BC9CEB8-8B4A-11D0-8D11-00A0C91BC942}") = "lab7_1", "lab7_1\lab7_1.vcxproj", "{1493C0D4-F46F-476C-BBC9-C7AAB052F355}"
EndProject
Global
	GlobalSection(SolutionConfigurationPlatforms) = preSolution
		Debug|x64 = Debug|x64
		Debug|x86 = Debug|x86
		Release|x64 = Release|x64
		Release|x86 = Release|x86
	EndGlobalSection
	GlobalSection(ProjectConfigurationPlatforms) = postSolution
		{1493C0D4-F46F-476C-BBC9-C7AAB052F355}.Debug|x64.ActiveCfg = Debug|x64
		{1493C0D4-F46F-476C-BBC9-C7AAB052F355}.Debug|x64.Build.0 = Debug|x64
		{1493C0D4-F46F-476C-BBC9-C7AAB052F355}.Debug|x86.ActiveCfg = Debug|Win32
		{1493C0D4-F46F-476C-BBC9-C7AAB052F355}.Debug|x86.Build.0 = Debug|Win32
		{1493C0D4-F46F-476C-BBC9-C7AAB052F355}.Release|x64.ActiveCfg = Release|x64
		{1493C0D4-F46F-476C-BBC9-C7AAB052F355}.Release|x64.Build.0 = Release|x64
		{1493C0D4-F46F-476C-BBC9-C7AAB052F355}.Release|x86.ActiveCfg = Release|Win32
		{1493C0D4-F46F-476C-BBC9-C7AAB052F355}.Release|x86.Build.0 = Release|Win32
	EndGlobalSection
	GlobalSection(SolutionProperties) = preSolution
		HideSolutionNode = FALSE
	EndGlobalSection
	GlobalSection(ExtensibilityGlobals) = postSolution
		SolutionGuid = {C2FAE9B7-06F2-4EEA-8673-F224759847D7}
	EndGlobalSection
EndGlobal
